// !$*UTF8*$!
{
	archiveVersion = 1;
	classes = {
	};
	objectVersion = 50;
	objects = {

/* Begin PBXBuildFile section */
		D23466D320EFB21700A99E62 /* Localizable.stringsdict in Resources */ = {isa = PBXBuildFile; fileRef = D23466D220EFB21700A99E62 /* Localizable.stringsdict */; };
		D23466D420EFB21700A99E62 /* Localizable.stringsdict in Resources */ = {isa = PBXBuildFile; fileRef = D23466D220EFB21700A99E62 /* Localizable.stringsdict */; };
		D24E086E20ECC23B00B6E70C /* AppDelegate.swift in Sources */ = {isa = PBXBuildFile; fileRef = D24E086D20ECC23B00B6E70C /* AppDelegate.swift */; };
		D24E087020ECC23B00B6E70C /* ViewController.swift in Sources */ = {isa = PBXBuildFile; fileRef = D24E086F20ECC23B00B6E70C /* ViewController.swift */; };
		D24E087320ECC23B00B6E70C /* Main.storyboard in Resources */ = {isa = PBXBuildFile; fileRef = D24E087120ECC23B00B6E70C /* Main.storyboard */; };
		D24E087520ECC23D00B6E70C /* Assets.xcassets in Resources */ = {isa = PBXBuildFile; fileRef = D24E087420ECC23D00B6E70C /* Assets.xcassets */; };
		D24E087820ECC23D00B6E70C /* LaunchScreen.storyboard in Resources */ = {isa = PBXBuildFile; fileRef = D24E087620ECC23D00B6E70C /* LaunchScreen.storyboard */; };
		D2D7DC6D20ECECD7009C9B59 /* UserNotifications.framework in Frameworks */ = {isa = PBXBuildFile; fileRef = D2D7DC6C20ECECD7009C9B59 /* UserNotifications.framework */; };
		D2D7DC6F20ECECD7009C9B59 /* UserNotificationsUI.framework in Frameworks */ = {isa = PBXBuildFile; fileRef = D2D7DC6E20ECECD7009C9B59 /* UserNotificationsUI.framework */; };
		D2D7DC7220ECECD7009C9B59 /* NotificationViewController.swift in Sources */ = {isa = PBXBuildFile; fileRef = D2D7DC7120ECECD7009C9B59 /* NotificationViewController.swift */; };
		D2D7DC7520ECECD7009C9B59 /* MainInterface.storyboard in Resources */ = {isa = PBXBuildFile; fileRef = D2D7DC7320ECECD7009C9B59 /* MainInterface.storyboard */; };
		D2D7DC7920ECECD7009C9B59 /* Notification Extension.appex in Embed App Extensions */ = {isa = PBXBuildFile; fileRef = D2D7DC6A20ECECD7009C9B59 /* Notification Extension.appex */; settings = {ATTRIBUTES = (RemoveHeadersOnCopy, ); }; };
		D2D7DC7F20ECF7B0009C9B59 /* cat_01.jpg in Resources */ = {isa = PBXBuildFile; fileRef = D2D7DC7E20ECF7B0009C9B59 /* cat_01.jpg */; };
		D2D7DC8020ECF7B0009C9B59 /* cat_01.jpg in Resources */ = {isa = PBXBuildFile; fileRef = D2D7DC7E20ECF7B0009C9B59 /* cat_01.jpg */; };
		DA14AEF120EE3CE700002C3C /* Settings.storyboard in Resources */ = {isa = PBXBuildFile; fileRef = DA14AEF020EE3CE700002C3C /* Settings.storyboard */; };
/* End PBXBuildFile section */

/* Begin PBXContainerItemProxy section */
		D2D7DC7720ECECD7009C9B59 /* PBXContainerItemProxy */ = {
			isa = PBXContainerItemProxy;
			containerPortal = D24E086220ECC23B00B6E70C /* Project object */;
			proxyType = 1;
			remoteGlobalIDString = D2D7DC6920ECECD7009C9B59;
			remoteInfo = "Notification Extension";
		};
/* End PBXContainerItemProxy section */

/* Begin PBXCopyFilesBuildPhase section */
		D2D7DC7D20ECECD7009C9B59 /* Embed App Extensions */ = {
			isa = PBXCopyFilesBuildPhase;
			buildActionMask = 2147483647;
			dstPath = "";
			dstSubfolderSpec = 13;
			files = (
				D2D7DC7920ECECD7009C9B59 /* Notification Extension.appex in Embed App Extensions */,
			);
			name = "Embed App Extensions";
			runOnlyForDeploymentPostprocessing = 0;
		};
/* End PBXCopyFilesBuildPhase section */

/* Begin PBXFileReference section */
		D23466D220EFB21700A99E62 /* Localizable.stringsdict */ = {isa = PBXFileReference; lastKnownFileType = text.plist.stringsdict; path = Localizable.stringsdict; sourceTree = "<group>"; };
		D24E086A20ECC23B00B6E70C /* Catifications.app */ = {isa = PBXFileReference; explicitFileType = wrapper.application; includeInIndex = 0; path = Catifications.app; sourceTree = BUILT_PRODUCTS_DIR; };
		D24E086D20ECC23B00B6E70C /* AppDelegate.swift */ = {isa = PBXFileReference; lastKnownFileType = sourcecode.swift; path = AppDelegate.swift; sourceTree = "<group>"; };
		D24E086F20ECC23B00B6E70C /* ViewController.swift */ = {isa = PBXFileReference; lastKnownFileType = sourcecode.swift; path = ViewController.swift; sourceTree = "<group>"; };
		D24E087220ECC23B00B6E70C /* Base */ = {isa = PBXFileReference; lastKnownFileType = file.storyboard; name = Base; path = Base.lproj/Main.storyboard; sourceTree = "<group>"; };
		D24E087420ECC23D00B6E70C /* Assets.xcassets */ = {isa = PBXFileReference; lastKnownFileType = folder.assetcatalog; path = Assets.xcassets; sourceTree = "<group>"; };
		D24E087720ECC23D00B6E70C /* Base */ = {isa = PBXFileReference; lastKnownFileType = file.storyboard; name = Base; path = Base.lproj/LaunchScreen.storyboard; sourceTree = "<group>"; };
		D24E087920ECC23D00B6E70C /* Info.plist */ = {isa = PBXFileReference; lastKnownFileType = text.plist.xml; path = Info.plist; sourceTree = "<group>"; };
		D2D7DC6A20ECECD7009C9B59 /* Notification Extension.appex */ = {isa = PBXFileReference; explicitFileType = "wrapper.app-extension"; includeInIndex = 0; path = "Notification Extension.appex"; sourceTree = BUILT_PRODUCTS_DIR; };
		D2D7DC6C20ECECD7009C9B59 /* UserNotifications.framework */ = {isa = PBXFileReference; lastKnownFileType = wrapper.framework; name = UserNotifications.framework; path = System/Library/Frameworks/UserNotifications.framework; sourceTree = SDKROOT; };
		D2D7DC6E20ECECD7009C9B59 /* UserNotificationsUI.framework */ = {isa = PBXFileReference; lastKnownFileType = wrapper.framework; name = UserNotificationsUI.framework; path = System/Library/Frameworks/UserNotificationsUI.framework; sourceTree = SDKROOT; };
		D2D7DC7120ECECD7009C9B59 /* NotificationViewController.swift */ = {isa = PBXFileReference; lastKnownFileType = sourcecode.swift; path = NotificationViewController.swift; sourceTree = "<group>"; };
		D2D7DC7420ECECD7009C9B59 /* Base */ = {isa = PBXFileReference; lastKnownFileType = file.storyboard; name = Base; path = Base.lproj/MainInterface.storyboard; sourceTree = "<group>"; };
		D2D7DC7620ECECD7009C9B59 /* Info.plist */ = {isa = PBXFileReference; lastKnownFileType = text.plist.xml; path = Info.plist; sourceTree = "<group>"; };
		D2D7DC7E20ECF7B0009C9B59 /* cat_01.jpg */ = {isa = PBXFileReference; lastKnownFileType = image.jpeg; path = cat_01.jpg; sourceTree = "<group>"; };
		DA14AEF020EE3CE700002C3C /* Settings.storyboard */ = {isa = PBXFileReference; lastKnownFileType = file.storyboard; path = Settings.storyboard; sourceTree = "<group>"; };
/* End PBXFileReference section */

/* Begin PBXFrameworksBuildPhase section */
		D24E086720ECC23B00B6E70C /* Frameworks */ = {
			isa = PBXFrameworksBuildPhase;
			buildActionMask = 2147483647;
			files = (
			);
			runOnlyForDeploymentPostprocessing = 0;
		};
		D2D7DC6720ECECD7009C9B59 /* Frameworks */ = {
			isa = PBXFrameworksBuildPhase;
			buildActionMask = 2147483647;
			files = (
				D2D7DC6F20ECECD7009C9B59 /* UserNotificationsUI.framework in Frameworks */,
				D2D7DC6D20ECECD7009C9B59 /* UserNotifications.framework in Frameworks */,
			);
			runOnlyForDeploymentPostprocessing = 0;
		};
/* End PBXFrameworksBuildPhase section */

/* Begin PBXGroup section */
		D24E086120ECC23B00B6E70C = {
			isa = PBXGroup;
			children = (
				D24E086C20ECC23B00B6E70C /* Catifications */,
				D2D7DC7020ECECD7009C9B59 /* Notification Extension */,
				D2D7DC6B20ECECD7009C9B59 /* Frameworks */,
				D24E086B20ECC23B00B6E70C /* Products */,
			);
			sourceTree = "<group>";
		};
		D24E086B20ECC23B00B6E70C /* Products */ = {
			isa = PBXGroup;
			children = (
				D24E086A20ECC23B00B6E70C /* Catifications.app */,
				D2D7DC6A20ECECD7009C9B59 /* Notification Extension.appex */,
			);
			name = Products;
			sourceTree = "<group>";
		};
		D24E086C20ECC23B00B6E70C /* Catifications */ = {
			isa = PBXGroup;
			children = (
				D24E086D20ECC23B00B6E70C /* AppDelegate.swift */,
				D24E086F20ECC23B00B6E70C /* ViewController.swift */,
				D24E087120ECC23B00B6E70C /* Main.storyboard */,
				DA14AEF020EE3CE700002C3C /* Settings.storyboard */,
				D24E087420ECC23D00B6E70C /* Assets.xcassets */,
				D24E087620ECC23D00B6E70C /* LaunchScreen.storyboard */,
				D24E087920ECC23D00B6E70C /* Info.plist */,
				D2D7DC7E20ECF7B0009C9B59 /* cat_01.jpg */,
				D23466D220EFB21700A99E62 /* Localizable.stringsdict */,
			);
			path = Catifications;
			sourceTree = "<group>";
		};
		D2D7DC6B20ECECD7009C9B59 /* Frameworks */ = {
			isa = PBXGroup;
			children = (
				D2D7DC6C20ECECD7009C9B59 /* UserNotifications.framework */,
				D2D7DC6E20ECECD7009C9B59 /* UserNotificationsUI.framework */,
			);
			name = Frameworks;
			sourceTree = "<group>";
		};
		D2D7DC7020ECECD7009C9B59 /* Notification Extension */ = {
			isa = PBXGroup;
			children = (
				D2D7DC7120ECECD7009C9B59 /* NotificationViewController.swift */,
				D2D7DC7320ECECD7009C9B59 /* MainInterface.storyboard */,
				D2D7DC7620ECECD7009C9B59 /* Info.plist */,
			);
			path = "Notification Extension";
			sourceTree = "<group>";
		};
/* End PBXGroup section */

/* Begin PBXNativeTarget section */
		D24E086920ECC23B00B6E70C /* Catifications */ = {
			isa = PBXNativeTarget;
			buildConfigurationList = D24E087C20ECC23D00B6E70C /* Build configuration list for PBXNativeTarget "Catifications" */;
			buildPhases = (
				D24E086620ECC23B00B6E70C /* Sources */,
				D24E086720ECC23B00B6E70C /* Frameworks */,
				D24E086820ECC23B00B6E70C /* Resources */,
				D2D7DC7D20ECECD7009C9B59 /* Embed App Extensions */,
			);
			buildRules = (
			);
			dependencies = (
				D2D7DC7820ECECD7009C9B59 /* PBXTargetDependency */,
			);
			name = Catifications;
			productName = Newtifications;
			productReference = D24E086A20ECC23B00B6E70C /* Catifications.app */;
			productType = "com.apple.product-type.application";
		};
		D2D7DC6920ECECD7009C9B59 /* Notification Extension */ = {
			isa = PBXNativeTarget;
			buildConfigurationList = D2D7DC7C20ECECD7009C9B59 /* Build configuration list for PBXNativeTarget "Notification Extension" */;
			buildPhases = (
				D2D7DC6620ECECD7009C9B59 /* Sources */,
				D2D7DC6720ECECD7009C9B59 /* Frameworks */,
				D2D7DC6820ECECD7009C9B59 /* Resources */,
			);
			buildRules = (
			);
			dependencies = (
			);
			name = "Notification Extension";
			productName = "Notification Extension";
			productReference = D2D7DC6A20ECECD7009C9B59 /* Notification Extension.appex */;
			productType = "com.apple.product-type.app-extension";
		};
/* End PBXNativeTarget section */

/* Begin PBXProject section */
		D24E086220ECC23B00B6E70C /* Project object */ = {
			isa = PBXProject;
			attributes = {
				LastSwiftUpdateCheck = 1000;
				LastUpgradeCheck = 1000;
				ORGANIZATIONNAME = GypsiOS;
				TargetAttributes = {
					D24E086920ECC23B00B6E70C = {
						CreatedOnToolsVersion = 10.0;
					};
					D2D7DC6920ECECD7009C9B59 = {
						CreatedOnToolsVersion = 10.0;
					};
				};
			};
			buildConfigurationList = D24E086520ECC23B00B6E70C /* Build configuration list for PBXProject "Catifications" */;
			compatibilityVersion = "Xcode 9.3";
			developmentRegion = en;
			hasScannedForEncodings = 0;
			knownRegions = (
				en,
				Base,
			);
			mainGroup = D24E086120ECC23B00B6E70C;
			productRefGroup = D24E086B20ECC23B00B6E70C /* Products */;
			projectDirPath = "";
			projectRoot = "";
			targets = (
				D24E086920ECC23B00B6E70C /* Catifications */,
				D2D7DC6920ECECD7009C9B59 /* Notification Extension */,
			);
		};
/* End PBXProject section */

/* Begin PBXResourcesBuildPhase section */
		D24E086820ECC23B00B6E70C /* Resources */ = {
			isa = PBXResourcesBuildPhase;
			buildActionMask = 2147483647;
			files = (
				D24E087820ECC23D00B6E70C /* LaunchScreen.storyboard in Resources */,
				D2D7DC7F20ECF7B0009C9B59 /* cat_01.jpg in Resources */,
				D23466D320EFB21700A99E62 /* Localizable.stringsdict in Resources */,
				D24E087520ECC23D00B6E70C /* Assets.xcassets in Resources */,
				D24E087320ECC23B00B6E70C /* Main.storyboard in Resources */,
				DA14AEF120EE3CE700002C3C /* Settings.storyboard in Resources */,
			);
			runOnlyForDeploymentPostprocessing = 0;
		};
		D2D7DC6820ECECD7009C9B59 /* Resources */ = {
			isa = PBXResourcesBuildPhase;
			buildActionMask = 2147483647;
			files = (
				D2D7DC7520ECECD7009C9B59 /* MainInterface.storyboard in Resources */,
				D2D7DC8020ECF7B0009C9B59 /* cat_01.jpg in Resources */,
				D23466D420EFB21700A99E62 /* Localizable.stringsdict in Resources */,
			);
			runOnlyForDeploymentPostprocessing = 0;
		};
/* End PBXResourcesBuildPhase section */

/* Begin PBXSourcesBuildPhase section */
		D24E086620ECC23B00B6E70C /* Sources */ = {
			isa = PBXSourcesBuildPhase;
			buildActionMask = 2147483647;
			files = (
				D24E087020ECC23B00B6E70C /* ViewController.swift in Sources */,
				D24E086E20ECC23B00B6E70C /* AppDelegate.swift in Sources */,
			);
			runOnlyForDeploymentPostprocessing = 0;
		};
		D2D7DC6620ECECD7009C9B59 /* Sources */ = {
			isa = PBXSourcesBuildPhase;
			buildActionMask = 2147483647;
			files = (
				D2D7DC7220ECECD7009C9B59 /* NotificationViewController.swift in Sources */,
			);
			runOnlyForDeploymentPostprocessing = 0;
		};
/* End PBXSourcesBuildPhase section */

/* Begin PBXTargetDependency section */
		D2D7DC7820ECECD7009C9B59 /* PBXTargetDependency */ = {
			isa = PBXTargetDependency;
			target = D2D7DC6920ECECD7009C9B59 /* Notification Extension */;
			targetProxy = D2D7DC7720ECECD7009C9B59 /* PBXContainerItemProxy */;
		};
/* End PBXTargetDependency section */

/* Begin PBXVariantGroup section */
		D24E087120ECC23B00B6E70C /* Main.storyboard */ = {
			isa = PBXVariantGroup;
			children = (
				D24E087220ECC23B00B6E70C /* Base */,
			);
			name = Main.storyboard;
			sourceTree = "<group>";
		};
		D24E087620ECC23D00B6E70C /* LaunchScreen.storyboard */ = {
			isa = PBXVariantGroup;
			children = (
				D24E087720ECC23D00B6E70C /* Base */,
			);
			name = LaunchScreen.storyboard;
			sourceTree = "<group>";
		};
		D2D7DC7320ECECD7009C9B59 /* MainInterface.storyboard */ = {
			isa = PBXVariantGroup;
			children = (
				D2D7DC7420ECECD7009C9B59 /* Base */,
			);
			name = MainInterface.storyboard;
			sourceTree = "<group>";
		};
/* End PBXVariantGroup section */

/* Begin XCBuildConfiguration section */
		D24E087A20ECC23D00B6E70C /* Debug */ = {
			isa = XCBuildConfiguration;
			buildSettings = {
				ALWAYS_SEARCH_USER_PATHS = NO;
				CLANG_ANALYZER_NONNULL = YES;
				CLANG_ANALYZER_NUMBER_OBJECT_CONVERSION = YES_AGGRESSIVE;
				CLANG_CXX_LANGUAGE_STANDARD = "gnu++14";
				CLANG_CXX_LIBRARY = "libc++";
				CLANG_ENABLE_MODULES = YES;
				CLANG_ENABLE_OBJC_ARC = YES;
				CLANG_ENABLE_OBJC_WEAK = YES;
				CLANG_WARN_BLOCK_CAPTURE_AUTORELEASING = YES;
				CLANG_WARN_BOOL_CONVERSION = YES;
				CLANG_WARN_COMMA = YES;
				CLANG_WARN_CONSTANT_CONVERSION = YES;
				CLANG_WARN_DEPRECATED_OBJC_IMPLEMENTATIONS = YES;
				CLANG_WARN_DIRECT_OBJC_ISA_USAGE = YES_ERROR;
				CLANG_WARN_DOCUMENTATION_COMMENTS = YES;
				CLANG_WARN_EMPTY_BODY = YES;
				CLANG_WARN_ENUM_CONVERSION = YES;
				CLANG_WARN_INFINITE_RECURSION = YES;
				CLANG_WARN_INT_CONVERSION = YES;
				CLANG_WARN_NON_LITERAL_NULL_CONVERSION = YES;
				CLANG_WARN_OBJC_IMPLICIT_RETAIN_SELF = YES;
				CLANG_WARN_OBJC_LITERAL_CONVERSION = YES;
				CLANG_WARN_OBJC_ROOT_CLASS = YES_ERROR;
				CLANG_WARN_RANGE_LOOP_ANALYSIS = YES;
				CLANG_WARN_STRICT_PROTOTYPES = YES;
				CLANG_WARN_SUSPICIOUS_MOVE = YES;
				CLANG_WARN_UNGUARDED_AVAILABILITY = YES_AGGRESSIVE;
				CLANG_WARN_UNREACHABLE_CODE = YES;
				CLANG_WARN__DUPLICATE_METHOD_MATCH = YES;
				CODE_SIGN_IDENTITY = "iPhone Developer";
				COPY_PHASE_STRIP = NO;
				DEBUG_INFORMATION_FORMAT = dwarf;
				ENABLE_STRICT_OBJC_MSGSEND = YES;
				ENABLE_TESTABILITY = YES;
				GCC_C_LANGUAGE_STANDARD = gnu11;
				GCC_DYNAMIC_NO_PIC = NO;
				GCC_NO_COMMON_BLOCKS = YES;
				GCC_OPTIMIZATION_LEVEL = 0;
				GCC_PREPROCESSOR_DEFINITIONS = (
					"DEBUG=1",
					"$(inherited)",
				);
				GCC_WARN_64_TO_32_BIT_CONVERSION = YES;
				GCC_WARN_ABOUT_RETURN_TYPE = YES_ERROR;
				GCC_WARN_UNDECLARED_SELECTOR = YES;
				GCC_WARN_UNINITIALIZED_AUTOS = YES_AGGRESSIVE;
				GCC_WARN_UNUSED_FUNCTION = YES;
				GCC_WARN_UNUSED_VARIABLE = YES;
				IPHONEOS_DEPLOYMENT_TARGET = 12.0;
				MTL_ENABLE_DEBUG_INFO = INCLUDE_SOURCE;
				MTL_FAST_MATH = YES;
				ONLY_ACTIVE_ARCH = YES;
				SDKROOT = iphoneos;
				SWIFT_ACTIVE_COMPILATION_CONDITIONS = DEBUG;
				SWIFT_OPTIMIZATION_LEVEL = "-Onone";
			};
			name = Debug;
		};
		D24E087B20ECC23D00B6E70C /* Release */ = {
			isa = XCBuildConfiguration;
			buildSettings = {
				ALWAYS_SEARCH_USER_PATHS = NO;
				CLANG_ANALYZER_NONNULL = YES;
				CLANG_ANALYZER_NUMBER_OBJECT_CONVERSION = YES_AGGRESSIVE;
				CLANG_CXX_LANGUAGE_STANDARD = "gnu++14";
				CLANG_CXX_LIBRARY = "libc++";
				CLANG_ENABLE_MODULES = YES;
				CLANG_ENABLE_OBJC_ARC = YES;
				CLANG_ENABLE_OBJC_WEAK = YES;
				CLANG_WARN_BLOCK_CAPTURE_AUTORELEASING = YES;
				CLANG_WARN_BOOL_CONVERSION = YES;
				CLANG_WARN_COMMA = YES;
				CLANG_WARN_CONSTANT_CONVERSION = YES;
				CLANG_WARN_DEPRECATED_OBJC_IMPLEMENTATIONS = YES;
				CLANG_WARN_DIRECT_OBJC_ISA_USAGE = YES_ERROR;
				CLANG_WARN_DOCUMENTATION_COMMENTS = YES;
				CLANG_WARN_EMPTY_BODY = YES;
				CLANG_WARN_ENUM_CONVERSION = YES;
				CLANG_WARN_INFINITE_RECURSION = YES;
				CLANG_WARN_INT_CONVERSION = YES;
				CLANG_WARN_NON_LITERAL_NULL_CONVERSION = YES;
				CLANG_WARN_OBJC_IMPLICIT_RETAIN_SELF = YES;
				CLANG_WARN_OBJC_LITERAL_CONVERSION = YES;
				CLANG_WARN_OBJC_ROOT_CLASS = YES_ERROR;
				CLANG_WARN_RANGE_LOOP_ANALYSIS = YES;
				CLANG_WARN_STRICT_PROTOTYPES = YES;
				CLANG_WARN_SUSPICIOUS_MOVE = YES;
				CLANG_WARN_UNGUARDED_AVAILABILITY = YES_AGGRESSIVE;
				CLANG_WARN_UNREACHABLE_CODE = YES;
				CLANG_WARN__DUPLICATE_METHOD_MATCH = YES;
				CODE_SIGN_IDENTITY = "iPhone Developer";
				COPY_PHASE_STRIP = NO;
				DEBUG_INFORMATION_FORMAT = "dwarf-with-dsym";
				ENABLE_NS_ASSERTIONS = NO;
				ENABLE_STRICT_OBJC_MSGSEND = YES;
				GCC_C_LANGUAGE_STANDARD = gnu11;
				GCC_NO_COMMON_BLOCKS = YES;
				GCC_WARN_64_TO_32_BIT_CONVERSION = YES;
				GCC_WARN_ABOUT_RETURN_TYPE = YES_ERROR;
				GCC_WARN_UNDECLARED_SELECTOR = YES;
				GCC_WARN_UNINITIALIZED_AUTOS = YES_AGGRESSIVE;
				GCC_WARN_UNUSED_FUNCTION = YES;
				GCC_WARN_UNUSED_VARIABLE = YES;
				IPHONEOS_DEPLOYMENT_TARGET = 12.0;
				MTL_ENABLE_DEBUG_INFO = NO;
				MTL_FAST_MATH = YES;
				SDKROOT = iphoneos;
				SWIFT_COMPILATION_MODE = wholemodule;
				SWIFT_OPTIMIZATION_LEVEL = "-O";
				VALIDATE_PRODUCT = YES;
			};
			name = Release;
		};
		D24E087D20ECC23D00B6E70C /* Debug */ = {
			isa = XCBuildConfiguration;
			buildSettings = {
				ALWAYS_EMBED_SWIFT_STANDARD_LIBRARIES = YES;
				ASSETCATALOG_COMPILER_APPICON_NAME = AppIcon;
				CODE_SIGN_STYLE = Automatic;
				DEVELOPMENT_TEAM = "";
				INFOPLIST_FILE = Catifications/Info.plist;
				LD_RUNPATH_SEARCH_PATHS = (
					"$(inherited)",
					"@executable_path/Frameworks",
				);
				PRODUCT_BUNDLE_IDENTIFIER = com.gypsios.Catifications;
				PRODUCT_NAME = "$(TARGET_NAME)";
				SWIFT_VERSION = 4.2;
				TARGETED_DEVICE_FAMILY = 1;
			};
			name = Debug;
		};
		D24E087E20ECC23D00B6E70C /* Release */ = {
			isa = XCBuildConfiguration;
			buildSettings = {
				ALWAYS_EMBED_SWIFT_STANDARD_LIBRARIES = YES;
				ASSETCATALOG_COMPILER_APPICON_NAME = AppIcon;
				CODE_SIGN_STYLE = Automatic;
				DEVELOPMENT_TEAM = "";
				INFOPLIST_FILE = Catifications/Info.plist;
				LD_RUNPATH_SEARCH_PATHS = (
					"$(inherited)",
					"@executable_path/Frameworks",
				);
				PRODUCT_BUNDLE_IDENTIFIER = com.gypsios.Catifications;
				PRODUCT_NAME = "$(TARGET_NAME)";
				SWIFT_VERSION = 4.2;
				TARGETED_DEVICE_FAMILY = 1;
			};
			name = Release;
		};
		D2D7DC7A20ECECD7009C9B59 /* Debug */ = {
			isa = XCBuildConfiguration;
			buildSettings = {
				CODE_SIGN_STYLE = Automatic;
				DEVELOPMENT_TEAM = 7YR7SK2Q66;
				INFOPLIST_FILE = "Notification Extension/Info.plist";
				LD_RUNPATH_SEARCH_PATHS = (
					"$(inherited)",
					"@executable_path/Frameworks",
					"@executable_path/../../Frameworks",
				);
				PRODUCT_BUNDLE_IDENTIFIER = "com.gypsios.Catifications.Notification-Extension";
				PRODUCT_NAME = "$(TARGET_NAME)";
				SKIP_INSTALL = YES;
				SWIFT_VERSION = 4.2;
				TARGETED_DEVICE_FAMILY = "1,2";
			};
			name = Debug;
		};
		D2D7DC7B20ECECD7009C9B59 /* Release */ = {
			isa = XCBuildConfiguration;
			buildSettings = {
				CODE_SIGN_STYLE = Automatic;
				DEVELOPMENT_TEAM = 7YR7SK2Q66;
				INFOPLIST_FILE = "Notification Extension/Info.plist";
				LD_RUNPATH_SEARCH_PATHS = (
					"$(inherited)",
					"@executable_path/Frameworks",
					"@executable_path/../../Frameworks",
				);
				PRODUCT_BUNDLE_IDENTIFIER = "com.gypsios.Catifications.Notification-Extension";
				PRODUCT_NAME = "$(TARGET_NAME)";
				SKIP_INSTALL = YES;
				SWIFT_VERSION = 4.2;
				TARGETED_DEVICE_FAMILY = "1,2";
			};
			name = Release;
		};
/* End XCBuildConfiguration section */

/* Begin XCConfigurationList section */
		D24E086520ECC23B00B6E70C /* Build configuration list for PBXProject "Catifications" */ = {
			isa = XCConfigurationList;
			buildConfigurations = (
				D24E087A20ECC23D00B6E70C /* Debug */,
				D24E087B20ECC23D00B6E70C /* Release */,
			);
			defaultConfigurationIsVisible = 0;
			defaultConfigurationName = Release;
		};
		D24E087C20ECC23D00B6E70C /* Build configuration list for PBXNativeTarget "Catifications" */ = {
			isa = XCConfigurationList;
			buildConfigurations = (
				D24E087D20ECC23D00B6E70C /* Debug */,
				D24E087E20ECC23D00B6E70C /* Release */,
			);
			defaultConfigurationIsVisible = 0;
			defaultConfigurationName = Release;
		};
		D2D7DC7C20ECECD7009C9B59 /* Build configuration list for PBXNativeTarget "Notification Extension" */ = {
			isa = XCConfigurationList;
			buildConfigurations = (
				D2D7DC7A20ECECD7009C9B59 /* Debug */,
				D2D7DC7B20ECECD7009C9B59 /* Release */,
			);
			defaultConfigurationIsVisible = 0;
			defaultConfigurationName = Release;
		};
/* End XCConfigurationList section */
	};
	rootObject = D24E086220ECC23B00B6E70C /* Project object */;
}
